
Microsoft Visual Studio Solution File, Format Version 12.00
# Visual Studio Version 17
VisualStudioVersion = 17.12.35707.178
MinimumVisualStudioVersion = 10.0.40219.1
Project("{FAE04EC0-301F-11D3-BF4B-00C04F79EFBC}") = "WebAPI", "WebAPI\WebAPI.csproj", "{DC78742F-2936-41BE-849E-26E7AB3066F2}"
EndProject
Project("{FAE04EC0-301F-11D3-BF4B-00C04F79EFBC}") = "Desktop", "Session2\Desktop.csproj", "{C0689A3B-1631-A1AC-CBFF-CB0BA0C59ADA}"
EndProject
Global
	GlobalSection(SolutionConfigurationPlatforms) = preSolution
		Debug|Any CPU = Debug|Any CPU
		Release|Any CPU = Release|Any CPU
	EndGlobalSection
	GlobalSection(ProjectConfigurationPlatforms) = postSolution
		{DC78742F-2936-41BE-849E-26E7AB3066F2}.Debug|Any CPU.ActiveCfg = Debug|Any CPU
		{DC78742F-2936-41BE-849E-26E7AB3066F2}.Debug|Any CPU.Build.0 = Debug|Any CPU
		{DC78742F-2936-41BE-849E-26E7AB3066F2}.Release|Any CPU.ActiveCfg = Release|Any CPU
		{DC78742F-2936-41BE-849E-26E7AB3066F2}.Release|Any CPU.Build.0 = Release|Any CPU
		{C0689A3B-1631-A1AC-CBFF-CB0BA0C59ADA}.Debug|Any CPU.ActiveCfg = Debug|Any CPU
		{C0689A3B-1631-A1AC-CBFF-CB0BA0C59ADA}.Debug|Any CPU.Build.0 = Debug|Any CPU
		{C0689A3B-1631-A1AC-CBFF-CB0BA0C59ADA}.Release|Any CPU.ActiveCfg = Release|Any CPU
		{C0689A3B-1631-A1AC-CBFF-CB0BA0C59ADA}.Release|Any CPU.Build.0 = Release|Any CPU
	EndGlobalSection
	GlobalSection(SolutionProperties) = preSolution
		HideSolutionNode = FALSE
	EndGlobalSection
	GlobalSection(ExtensibilityGlobals) = postSolution
		SolutionGuid = {EF3C094A-FBED-4607-BE7E-81FBF3BAA649}
	EndGlobalSection
EndGlobal
